
Microsoft Visual Studio Solution File, Format Version 12.00
# Visual Studio Version 17
VisualStudioVersion = 17.8.34525.116
MinimumVisualStudioVersion = 10.0.40219.1
Project("{FAE04EC0-301F-11D3-BF4B-00C04F79EFBC}") = "BMI calculator", "BMI calculator.csproj", "{7B4D1E19-FB54-4289-BD36-BF24F686C025}"
EndProject
Global
	GlobalSection(SolutionConfigurationPlatforms) = preSolution
		Debug|Any CPU = Debug|Any CPU
		Release|Any CPU = Release|Any CPU
	EndGlobalSection
	GlobalSection(ProjectConfigurationPlatforms) = postSolution
		{7B4D1E19-FB54-4289-BD36-BF24F686C025}.Debug|Any CPU.ActiveCfg = Debug|Any CPU
		{7B4D1E19-FB54-4289-BD36-BF24F686C025}.Debug|Any CPU.Build.0 = Debug|Any CPU
		{7B4D1E19-FB54-4289-BD36-BF24F686C025}.Release|Any CPU.ActiveCfg = Release|Any CPU
		{7B4D1E19-FB54-4289-BD36-BF24F686C025}.Release|Any CPU.Build.0 = Release|Any CPU
	EndGlobalSection
	GlobalSection(SolutionProperties) = preSolution
		HideSolutionNode = FALSE
	EndGlobalSection
	GlobalSection(ExtensibilityGlobals) = postSolution
		SolutionGuid = {D123ACDD-68DB-4C60-B837-DFD0D81206DE}
	EndGlobalSection
EndGlobal
